
Microsoft Visual Studio Solution File, Format Version 12.00
# Visual Studio Version 17
VisualStudioVersion = 17.1.32421.90
MinimumVisualStudioVersion = 10.0.40219.1
Project("{FAE04EC0-301F-11D3-BF4B-00C04F79EFBC}") = "FotruneWheel", "FotruneWheel\FotruneWheel.csproj", "{04C4DD4A-8FBF-42FD-BA16-230CA01E47D8}"
EndProject
Global
	GlobalSection(SolutionConfigurationPlatforms) = preSolution
		Debug|Any CPU = Debug|Any CPU
		Release|Any CPU = Release|Any CPU
	EndGlobalSection
	GlobalSection(ProjectConfigurationPlatforms) = postSolution
		{04C4DD4A-8FBF-42FD-BA16-230CA01E47D8}.Debug|Any CPU.ActiveCfg = Debug|Any CPU
		{04C4DD4A-8FBF-42FD-BA16-230CA01E47D8}.Debug|Any CPU.Build.0 = Debug|Any CPU
		{04C4DD4A-8FBF-42FD-BA16-230CA01E47D8}.Release|Any CPU.ActiveCfg = Release|Any CPU
		{04C4DD4A-8FBF-42FD-BA16-230CA01E47D8}.Release|Any CPU.Build.0 = Release|Any CPU
	EndGlobalSection
	GlobalSection(SolutionProperties) = preSolution
		HideSolutionNode = FALSE
	EndGlobalSection
	GlobalSection(ExtensibilityGlobals) = postSolution
		SolutionGuid = {3ABE5216-A379-4B5D-A559-31CA077C82B1}
	EndGlobalSection
EndGlobal
